{
	"name": "csv-marker-importer",
	"version": "1.0.6",
	"lockfileVersion": 2,
	"requires": true,
	"packages": {
		"": {
			"name": "csv-marker-importer",
			"version": "1.0.6",
			"dependencies": {
				"luucy-types": "^10.20.3"
			},
			"devDependencies": {
				"typescript": "^4.7.2"
			}
		},
		"node_modules/luucy-types": {
			"version": "10.20.3",
			"resolved": "https://registry.npmjs.org/luucy-types/-/luucy-types-10.20.3.tgz",
			"integrity": "sha512-c6BN3m6HLHHUIhmh2Z58/O5v3atuFNijAlCA2/j1biNIyblwXm6u/tUe8l5HdgKd1UVmtVo0a3pqAhxZrJOeDw==",
			"hasInstallScript": true
		},
		"node_modules/typescript": {
			"version": "4.7.3",
			"resolved": "https://registry.npmjs.org/typescript/-/typescript-4.7.3.tgz",
			"integrity": "sha512-WOkT3XYvrpXx4vMMqlD+8R8R37fZkjyLGlxavMc4iB8lrl8L0DeTcHbYgw/v0N/z9wAFsgBhcsF0ruoySS22mA==",
			"dev": true,
			"bin": {
				"tsc": "bin/tsc",
				"tsserver": "bin/tsserver"
			},
			"engines": {
				"node": ">=4.2.0"
			}
		}
	},
	"dependencies": {
		"luucy-types": {
			"version": "10.20.3",
			"resolved": "https://registry.npmjs.org/luucy-types/-/luucy-types-10.20.3.tgz",
			"integrity": "sha512-c6BN3m6HLHHUIhmh2Z58/O5v3atuFNijAlCA2/j1biNIyblwXm6u/tUe8l5HdgKd1UVmtVo0a3pqAhxZrJOeDw=="
		},
		"typescript": {
			"version": "4.7.3",
			"resolved": "https://registry.npmjs.org/typescript/-/typescript-4.7.3.tgz",
			"integrity": "sha512-WOkT3XYvrpXx4vMMqlD+8R8R37fZkjyLGlxavMc4iB8lrl8L0DeTcHbYgw/v0N/z9wAFsgBhcsF0ruoySS22mA==",
			"dev": true
		}
	}
}
