{
  "name": "8362d94fd98cc35c8d34c438c56f28e6e11547edfb87ed4ae2e488d46ea1d0ab",
  "version": "1.0.0",
  "lockfileVersion": 1,
  "requires": true,
  "dependencies": {
    "luucy-types": {
      "version": "2.9.2",
      "resolved": "https://registry.npmjs.org/luucy-types/-/luucy-types-2.9.2.tgz",
      "integrity": "sha512-8940A98CAYsgLkAGcuf111ztE4IN4feD7f6Ju/9N3NjUqRA9OYtv9hhmiigGF5UEyhSWog0GFNyJsbJtVLXugA=="
    }
  }
}
