{
	"name": "csv-marker-importer",
	"version": "1.0.8",
	"lockfileVersion": 2,
	"requires": true,
	"packages": {
		"": {
			"name": "csv-marker-importer",
			"version": "1.0.8",
			"dependencies": {
				"luucy-types": "10.24.16"
			},
			"devDependencies": {
				"typescript": "^5.6.3"
			}
		},
		"node_modules/luucy-types": {
			"version": "10.24.16",
			"resolved": "git+ssh://git@gitlab.com/luucy/sdk/luucy-types.git#dd3dc00f0ec932609e175562b40a8f8d14b8531d",
			"hasInstallScript": true
		},
		"node_modules/typescript": {
			"version": "5.6.3",
			"resolved": "https://registry.npmjs.org/typescript/-/typescript-5.6.3.tgz",
			"integrity": "sha512-hjcS1mhfuyi4WW8IWtjP7brDrG2cuDZukyrYrSauoXGNgx0S7zceP07adYkJycEr56BOUTNPzbInooiN3fn1qw==",
			"dev": true,
			"bin": {
				"tsc": "bin/tsc",
				"tsserver": "bin/tsserver"
			},
			"engines": {
				"node": ">=14.17"
			}
		}
	},
	"dependencies": {
		"luucy-types": {
			"version": "git+ssh://git@gitlab.com/luucy/sdk/luucy-types.git#dd3dc00f0ec932609e175562b40a8f8d14b8531d",
			"from": "luucy-types@10.24.16"
		},
		"typescript": {
			"version": "5.6.3",
			"resolved": "https://registry.npmjs.org/typescript/-/typescript-5.6.3.tgz",
			"integrity": "sha512-hjcS1mhfuyi4WW8IWtjP7brDrG2cuDZukyrYrSauoXGNgx0S7zceP07adYkJycEr56BOUTNPzbInooiN3fn1qw==",
			"dev": true
		}
	}
}
